
Microsoft Visual Studio Solution File, Format Version 12.00
# Visual Studio 14
VisualStudioVersion = 14.0.25420.1
MinimumVisualStudioVersion = 10.0.40219.1
Project("{FAE04EC0-301F-11D3-BF4B-00C04F79EFBC}") = "XForms.Examples", "XForms.Examples\XForms.Examples\XForms.Examples.csproj", "{E6CCBBAE-6126-453E-A899-A967937ED9C8}"
EndProject
Project("{FAE04EC0-301F-11D3-BF4B-00C04F79EFBC}") = "XForms.Examples.Droid", "XForms.Examples\XForms.Examples.Droid\XForms.Examples.Droid.csproj", "{5CF62683-5505-406B-9D24-4AEA805FB38F}"
EndProject
Project("{FAE04EC0-301F-11D3-BF4B-00C04F79EFBC}") = "XForms.Examples.iOS", "XForms.Examples\XForms.Examples.iOS\XForms.Examples.iOS.csproj", "{27C5E7C1-38EC-485F-923D-549251747279}"
EndProject
Project("{FAE04EC0-301F-11D3-BF4B-00C04F79EFBC}") = "XForms.Examples.WinPhone", "XForms.Examples\XForms.Examples.WinPhone\XForms.Examples.WinPhone.csproj", "{CF7E9D81-D3C1-4BB7-B93D-B9F4E0605619}"
EndProject
Global
	GlobalSection(SolutionConfigurationPlatforms) = preSolution
		Ad-Hoc|Any CPU = Ad-Hoc|Any CPU
		Ad-Hoc|ARM = Ad-Hoc|ARM
		Ad-Hoc|iPhone = Ad-Hoc|iPhone
		Ad-Hoc|iPhoneSimulator = Ad-Hoc|iPhoneSimulator
		Ad-Hoc|x64 = Ad-Hoc|x64
		Ad-Hoc|x86 = Ad-Hoc|x86
		AppStore|Any CPU = AppStore|Any CPU
		AppStore|ARM = AppStore|ARM
		AppStore|iPhone = AppStore|iPhone
		AppStore|iPhoneSimulator = AppStore|iPhoneSimulator
		AppStore|x64 = AppStore|x64
		AppStore|x86 = AppStore|x86
		Debug|Any CPU = Debug|Any CPU
		Debug|ARM = Debug|ARM
		Debug|iPhone = Debug|iPhone
		Debug|iPhoneSimulator = Debug|iPhoneSimulator
		Debug|x64 = Debug|x64
		Debug|x86 = Debug|x86
		Release|Any CPU = Release|Any CPU
		Release|ARM = Release|ARM
		Release|iPhone = Release|iPhone
		Release|iPhoneSimulator = Release|iPhoneSimulator
		Release|x64 = Release|x64
		Release|x86 = Release|x86
	EndGlobalSection
	GlobalSection(ProjectConfigurationPlatforms) = postSolution
		{E6CCBBAE-6126-453E-A899-A967937ED9C8}.Ad-Hoc|Any CPU.ActiveCfg = Release|Any CPU
		{E6CCBBAE-6126-453E-A899-A967937ED9C8}.Ad-Hoc|Any CPU.Build.0 = Release|Any CPU
		{E6CCBBAE-6126-453E-A899-A967937ED9C8}.Ad-Hoc|ARM.ActiveCfg = Release|Any CPU
		{E6CCBBAE-6126-453E-A899-A967937ED9C8}.Ad-Hoc|ARM.Build.0 = Release|Any CPU
		{E6CCBBAE-6126-453E-A899-A967937ED9C8}.Ad-Hoc|iPhone.ActiveCfg = Release|Any CPU
		{E6CCBBAE-6126-453E-A899-A967937ED9C8}.Ad-Hoc|iPhone.Build.0 = Release|Any CPU
		{E6CCBBAE-6126-453E-A899-A967937ED9C8}.Ad-Hoc|iPhoneSimulator.ActiveCfg = Release|Any CPU
		{E6CCBBAE-6126-453E-A899-A967937ED9C8}.Ad-Hoc|iPhoneSimulator.Build.0 = Release|Any CPU
		{E6CCBBAE-6126-453E-A899-A967937ED9C8}.Ad-Hoc|x64.ActiveCfg = Release|Any CPU
		{E6CCBBAE-6126-453E-A899-A967937ED9C8}.Ad-Hoc|x64.Build.0 = Release|Any CPU
		{E6CCBBAE-6126-453E-A899-A967937ED9C8}.Ad-Hoc|x86.ActiveCfg = Release|Any CPU
		{E6CCBBAE-6126-453E-A899-A967937ED9C8}.Ad-Hoc|x86.Build.0 = Release|Any CPU
		{E6CCBBAE-6126-453E-A899-A967937ED9C8}.AppStore|Any CPU.ActiveCfg = Release|Any CPU
		{E6CCBBAE-6126-453E-A899-A967937ED9C8}.AppStore|Any CPU.Build.0 = Release|Any CPU
		{E6CCBBAE-6126-453E-A899-A967937ED9C8}.AppStore|ARM.ActiveCfg = Release|Any CPU
		{E6CCBBAE-6126-453E-A899-A967937ED9C8}.AppStore|ARM.Build.0 = Release|Any CPU
		{E6CCBBAE-6126-453E-A899-A967937ED9C8}.AppStore|iPhone.ActiveCfg = Release|Any CPU
		{E6CCBBAE-6126-453E-A899-A967937ED9C8}.AppStore|iPhone.Build.0 = Release|Any CPU
		{E6CCBBAE-6126-453E-A899-A967937ED9C8}.AppStore|iPhoneSimulator.ActiveCfg = Release|Any CPU
		{E6CCBBAE-6126-453E-A899-A967937ED9C8}.AppStore|iPhoneSimulator.Build.0 = Release|Any CPU
		{E6CCBBAE-6126-453E-A899-A967937ED9C8}.AppStore|x64.ActiveCfg = Release|Any CPU
		{E6CCBBAE-6126-453E-A899-A967937ED9C8}.AppStore|x64.Build.0 = Release|Any CPU
		{E6CCBBAE-6126-453E-A899-A967937ED9C8}.AppStore|x86.ActiveCfg = Release|Any CPU
		{E6CCBBAE-6126-453E-A899-A967937ED9C8}.AppStore|x86.Build.0 = Release|Any CPU
		{E6CCBBAE-6126-453E-A899-A967937ED9C8}.Debug|Any CPU.ActiveCfg = Debug|Any CPU
		{E6CCBBAE-6126-453E-A899-A967937ED9C8}.Debug|Any CPU.Build.0 = Debug|Any CPU
		{E6CCBBAE-6126-453E-A899-A967937ED9C8}.Debug|ARM.ActiveCfg = Debug|Any CPU
		{E6CCBBAE-6126-453E-A899-A967937ED9C8}.Debug|ARM.Build.0 = Debug|Any CPU
		{E6CCBBAE-6126-453E-A899-A967937ED9C8}.Debug|iPhone.ActiveCfg = Debug|Any CPU
		{E6CCBBAE-6126-453E-A899-A967937ED9C8}.Debug|iPhone.Build.0 = Debug|Any CPU
		{E6CCBBAE-6126-453E-A899-A967937ED9C8}.Debug|iPhoneSimulator.ActiveCfg = Debug|Any CPU
		{E6CCBBAE-6126-453E-A899-A967937ED9C8}.Debug|iPhoneSimulator.Build.0 = Debug|Any CPU
		{E6CCBBAE-6126-453E-A899-A967937ED9C8}.Debug|x64.ActiveCfg = Debug|Any CPU
		{E6CCBBAE-6126-453E-A899-A967937ED9C8}.Debug|x64.Build.0 = Debug|Any CPU
		{E6CCBBAE-6126-453E-A899-A967937ED9C8}.Debug|x86.ActiveCfg = Debug|Any CPU
		{E6CCBBAE-6126-453E-A899-A967937ED9C8}.Debug|x86.Build.0 = Debug|Any CPU
		{E6CCBBAE-6126-453E-A899-A967937ED9C8}.Release|Any CPU.ActiveCfg = Release|Any CPU
		{E6CCBBAE-6126-453E-A899-A967937ED9C8}.Release|Any CPU.Build.0 = Release|Any CPU
		{E6CCBBAE-6126-453E-A899-A967937ED9C8}.Release|ARM.ActiveCfg = Release|Any CPU
		{E6CCBBAE-6126-453E-A899-A967937ED9C8}.Release|ARM.Build.0 = Release|Any CPU
		{E6CCBBAE-6126-453E-A899-A967937ED9C8}.Release|iPhone.ActiveCfg = Release|Any CPU
		{E6CCBBAE-6126-453E-A899-A967937ED9C8}.Release|iPhone.Build.0 = Release|Any CPU
		{E6CCBBAE-6126-453E-A899-A967937ED9C8}.Release|iPhoneSimulator.ActiveCfg = Release|Any CPU
		{E6CCBBAE-6126-453E-A899-A967937ED9C8}.Release|iPhoneSimulator.Build.0 = Release|Any CPU
		{E6CCBBAE-6126-453E-A899-A967937ED9C8}.Release|x64.ActiveCfg = Release|Any CPU
		{E6CCBBAE-6126-453E-A899-A967937ED9C8}.Release|x64.Build.0 = Release|Any CPU
		{E6CCBBAE-6126-453E-A899-A967937ED9C8}.Release|x86.ActiveCfg = Release|Any CPU
		{E6CCBBAE-6126-453E-A899-A967937ED9C8}.Release|x86.Build.0 = Release|Any CPU
		{5CF62683-5505-406B-9D24-4AEA805FB38F}.Ad-Hoc|Any CPU.ActiveCfg = Release|Any CPU
		{5CF62683-5505-406B-9D24-4AEA805FB38F}.Ad-Hoc|Any CPU.Build.0 = Release|Any CPU
		{5CF62683-5505-406B-9D24-4AEA805FB38F}.Ad-Hoc|Any CPU.Deploy.0 = Release|Any CPU
		{5CF62683-5505-406B-9D24-4AEA805FB38F}.Ad-Hoc|ARM.ActiveCfg = Release|Any CPU
		{5CF62683-5505-406B-9D24-4AEA805FB38F}.Ad-Hoc|ARM.Build.0 = Release|Any CPU
		{5CF62683-5505-406B-9D24-4AEA805FB38F}.Ad-Hoc|ARM.Deploy.0 = Release|Any CPU
		{5CF62683-5505-406B-9D24-4AEA805FB38F}.Ad-Hoc|iPhone.ActiveCfg = Release|Any CPU
		{5CF62683-5505-406B-9D24-4AEA805FB38F}.Ad-Hoc|iPhone.Build.0 = Release|Any CPU
		{5CF62683-5505-406B-9D24-4AEA805FB38F}.Ad-Hoc|iPhone.Deploy.0 = Release|Any CPU
		{5CF62683-5505-406B-9D24-4AEA805FB38F}.Ad-Hoc|iPhoneSimulator.ActiveCfg = Release|Any CPU
		{5CF62683-5505-406B-9D24-4AEA805FB38F}.Ad-Hoc|iPhoneSimulator.Build.0 = Release|Any CPU
		{5CF62683-5505-406B-9D24-4AEA805FB38F}.Ad-Hoc|iPhoneSimulator.Deploy.0 = Release|Any CPU
		{5CF62683-5505-406B-9D24-4AEA805FB38F}.Ad-Hoc|x64.ActiveCfg = Release|Any CPU
		{5CF62683-5505-406B-9D24-4AEA805FB38F}.Ad-Hoc|x64.Build.0 = Release|Any CPU
		{5CF62683-5505-406B-9D24-4AEA805FB38F}.Ad-Hoc|x64.Deploy.0 = Release|Any CPU
		{5CF62683-5505-406B-9D24-4AEA805FB38F}.Ad-Hoc|x86.ActiveCfg = Release|Any CPU
		{5CF62683-5505-406B-9D24-4AEA805FB38F}.Ad-Hoc|x86.Build.0 = Release|Any CPU
		{5CF62683-5505-406B-9D24-4AEA805FB38F}.Ad-Hoc|x86.Deploy.0 = Release|Any CPU
		{5CF62683-5505-406B-9D24-4AEA805FB38F}.AppStore|Any CPU.ActiveCfg = Release|Any CPU
		{5CF62683-5505-406B-9D24-4AEA805FB38F}.AppStore|Any CPU.Build.0 = Release|Any CPU
		{5CF62683-5505-406B-9D24-4AEA805FB38F}.AppStore|Any CPU.Deploy.0 = Release|Any CPU
		{5CF62683-5505-406B-9D24-4AEA805FB38F}.AppStore|ARM.ActiveCfg = Release|Any CPU
		{5CF62683-5505-406B-9D24-4AEA805FB38F}.AppStore|ARM.Build.0 = Release|Any CPU
		{5CF62683-5505-406B-9D24-4AEA805FB38F}.AppStore|ARM.Deploy.0 = Release|Any CPU
		{5CF62683-5505-406B-9D24-4AEA805FB38F}.AppStore|iPhone.ActiveCfg = Release|Any CPU
		{5CF62683-5505-406B-9D24-4AEA805FB38F}.AppStore|iPhone.Build.0 = Release|Any CPU
		{5CF62683-5505-406B-9D24-4AEA805FB38F}.AppStore|iPhone.Deploy.0 = Release|Any CPU
		{5CF62683-5505-406B-9D24-4AEA805FB38F}.AppStore|iPhoneSimulator.ActiveCfg = Release|Any CPU
		{5CF62683-5505-406B-9D24-4AEA805FB38F}.AppStore|iPhoneSimulator.Build.0 = Release|Any CPU
		{5CF62683-5505-406B-9D24-4AEA805FB38F}.AppStore|iPhoneSimulator.Deploy.0 = Release|Any CPU
		{5CF62683-5505-406B-9D24-4AEA805FB38F}.AppStore|x64.ActiveCfg = Release|Any CPU
		{5CF62683-5505-406B-9D24-4AEA805FB38F}.AppStore|x64.Build.0 = Release|Any CPU
		{5CF62683-5505-406B-9D24-4AEA805FB38F}.AppStore|x64.Deploy.0 = Release|Any CPU
		{5CF62683-5505-406B-9D24-4AEA805FB38F}.AppStore|x86.ActiveCfg = Release|Any CPU
		{5CF62683-5505-406B-9D24-4AEA805FB38F}.AppStore|x86.Build.0 = Release|Any CPU
		{5CF62683-5505-406B-9D24-4AEA805FB38F}.AppStore|x86.Deploy.0 = Release|Any CPU
		{5CF62683-5505-406B-9D24-4AEA805FB38F}.Debug|Any CPU.ActiveCfg = Debug|Any CPU
		{5CF62683-5505-406B-9D24-4AEA805FB38F}.Debug|Any CPU.Build.0 = Debug|Any CPU
		{5CF62683-5505-406B-9D24-4AEA805FB38F}.Debug|Any CPU.Deploy.0 = Debug|Any CPU
		{5CF62683-5505-406B-9D24-4AEA805FB38F}.Debug|ARM.ActiveCfg = Debug|Any CPU
		{5CF62683-5505-406B-9D24-4AEA805FB38F}.Debug|ARM.Build.0 = Debug|Any CPU
		{5CF62683-5505-406B-9D24-4AEA805FB38F}.Debug|ARM.Deploy.0 = Debug|Any CPU
		{5CF62683-5505-406B-9D24-4AEA805FB38F}.Debug|iPhone.ActiveCfg = Debug|Any CPU
		{5CF62683-5505-406B-9D24-4AEA805FB38F}.Debug|iPhone.Build.0 = Debug|Any CPU
		{5CF62683-5505-406B-9D24-4AEA805FB38F}.Debug|iPhone.Deploy.0 = Debug|Any CPU
		{5CF62683-5505-406B-9D24-4AEA805FB38F}.Debug|iPhoneSimulator.ActiveCfg = Debug|Any CPU
		{5CF62683-5505-406B-9D24-4AEA805FB38F}.Debug|iPhoneSimulator.Build.0 = Debug|Any CPU
		{5CF62683-5505-406B-9D24-4AEA805FB38F}.Debug|iPhoneSimulator.Deploy.0 = Debug|Any CPU
		{5CF62683-5505-406B-9D24-4AEA805FB38F}.Debug|x64.ActiveCfg = Debug|Any CPU
		{5CF62683-5505-406B-9D24-4AEA805FB38F}.Debug|x64.Build.0 = Debug|Any CPU
		{5CF62683-5505-406B-9D24-4AEA805FB38F}.Debug|x64.Deploy.0 = Debug|Any CPU
		{5CF62683-5505-406B-9D24-4AEA805FB38F}.Debug|x86.ActiveCfg = Debug|Any CPU
		{5CF62683-5505-406B-9D24-4AEA805FB38F}.Debug|x86.Build.0 = Debug|Any CPU
		{5CF62683-5505-406B-9D24-4AEA805FB38F}.Debug|x86.Deploy.0 = Debug|Any CPU
		{5CF62683-5505-406B-9D24-4AEA805FB38F}.Release|Any CPU.ActiveCfg = Release|Any CPU
		{5CF62683-5505-406B-9D24-4AEA805FB38F}.Release|Any CPU.Build.0 = Release|Any CPU
		{5CF62683-5505-406B-9D24-4AEA805FB38F}.Release|Any CPU.Deploy.0 = Release|Any CPU
		{5CF62683-5505-406B-9D24-4AEA805FB38F}.Release|ARM.ActiveCfg = Release|Any CPU
		{5CF62683-5505-406B-9D24-4AEA805FB38F}.Release|ARM.Build.0 = Release|Any CPU
		{5CF62683-5505-406B-9D24-4AEA805FB38F}.Release|ARM.Deploy.0 = Release|Any CPU
		{5CF62683-5505-406B-9D24-4AEA805FB38F}.Release|iPhone.ActiveCfg = Release|Any CPU
		{5CF62683-5505-406B-9D24-4AEA805FB38F}.Release|iPhone.Build.0 = Release|Any CPU
		{5CF62683-5505-406B-9D24-4AEA805FB38F}.Release|iPhone.Deploy.0 = Release|Any CPU
		{5CF62683-5505-406B-9D24-4AEA805FB38F}.Release|iPhoneSimulator.ActiveCfg = Release|Any CPU
		{5CF62683-5505-406B-9D24-4AEA805FB38F}.Release|iPhoneSimulator.Build.0 = Release|Any CPU
		{5CF62683-5505-406B-9D24-4AEA805FB38F}.Release|iPhoneSimulator.Deploy.0 = Release|Any CPU
		{5CF62683-5505-406B-9D24-4AEA805FB38F}.Release|x64.ActiveCfg = Release|Any CPU
		{5CF62683-5505-406B-9D24-4AEA805FB38F}.Release|x64.Build.0 = Release|Any CPU
		{5CF62683-5505-406B-9D24-4AEA805FB38F}.Release|x64.Deploy.0 = Release|Any CPU
		{5CF62683-5505-406B-9D24-4AEA805FB38F}.Release|x86.ActiveCfg = Release|Any CPU
		{5CF62683-5505-406B-9D24-4AEA805FB38F}.Release|x86.Build.0 = Release|Any CPU
		{5CF62683-5505-406B-9D24-4AEA805FB38F}.Release|x86.Deploy.0 = Release|Any CPU
		{27C5E7C1-38EC-485F-923D-549251747279}.Ad-Hoc|Any CPU.ActiveCfg = Ad-Hoc|iPhone
		{27C5E7C1-38EC-485F-923D-549251747279}.Ad-Hoc|ARM.ActiveCfg = Ad-Hoc|iPhone
		{27C5E7C1-38EC-485F-923D-549251747279}.Ad-Hoc|iPhone.ActiveCfg = Ad-Hoc|iPhone
		{27C5E7C1-38EC-485F-923D-549251747279}.Ad-Hoc|iPhone.Build.0 = Ad-Hoc|iPhone
		{27C5E7C1-38EC-485F-923D-549251747279}.Ad-Hoc|iPhoneSimulator.ActiveCfg = Ad-Hoc|iPhoneSimulator
		{27C5E7C1-38EC-485F-923D-549251747279}.Ad-Hoc|iPhoneSimulator.Build.0 = Ad-Hoc|iPhoneSimulator
		{27C5E7C1-38EC-485F-923D-549251747279}.Ad-Hoc|x64.ActiveCfg = Ad-Hoc|iPhone
		{27C5E7C1-38EC-485F-923D-549251747279}.Ad-Hoc|x86.ActiveCfg = Ad-Hoc|iPhone
		{27C5E7C1-38EC-485F-923D-549251747279}.AppStore|Any CPU.ActiveCfg = AppStore|iPhone
		{27C5E7C1-38EC-485F-923D-549251747279}.AppStore|ARM.ActiveCfg = AppStore|iPhone
		{27C5E7C1-38EC-485F-923D-549251747279}.AppStore|iPhone.ActiveCfg = AppStore|iPhone
		{27C5E7C1-38EC-485F-923D-549251747279}.AppStore|iPhone.Build.0 = AppStore|iPhone
		{27C5E7C1-38EC-485F-923D-549251747279}.AppStore|iPhoneSimulator.ActiveCfg = AppStore|iPhoneSimulator
		{27C5E7C1-38EC-485F-923D-549251747279}.AppStore|iPhoneSimulator.Build.0 = AppStore|iPhoneSimulator
		{27C5E7C1-38EC-485F-923D-549251747279}.AppStore|x64.ActiveCfg = AppStore|iPhone
		{27C5E7C1-38EC-485F-923D-549251747279}.AppStore|x86.ActiveCfg = AppStore|iPhone
		{27C5E7C1-38EC-485F-923D-549251747279}.Debug|Any CPU.ActiveCfg = Debug|iPhone
		{27C5E7C1-38EC-485F-923D-549251747279}.Debug|ARM.ActiveCfg = Debug|iPhone
		{27C5E7C1-38EC-485F-923D-549251747279}.Debug|iPhone.ActiveCfg = Debug|iPhone
		{27C5E7C1-38EC-485F-923D-549251747279}.Debug|iPhone.Build.0 = Debug|iPhone
		{27C5E7C1-38EC-485F-923D-549251747279}.Debug|iPhoneSimulator.ActiveCfg = Debug|iPhoneSimulator
		{27C5E7C1-38EC-485F-923D-549251747279}.Debug|iPhoneSimulator.Build.0 = Debug|iPhoneSimulator
		{27C5E7C1-38EC-485F-923D-549251747279}.Debug|x64.ActiveCfg = Debug|iPhone
		{27C5E7C1-38EC-485F-923D-549251747279}.Debug|x86.ActiveCfg = Debug|iPhone
		{27C5E7C1-38EC-485F-923D-549251747279}.Release|Any CPU.ActiveCfg = Release|iPhone
		{27C5E7C1-38EC-485F-923D-549251747279}.Release|ARM.ActiveCfg = Release|iPhone
		{27C5E7C1-38EC-485F-923D-549251747279}.Release|iPhone.ActiveCfg = Release|iPhone
		{27C5E7C1-38EC-485F-923D-549251747279}.Release|iPhone.Build.0 = Release|iPhone
		{27C5E7C1-38EC-485F-923D-549251747279}.Release|iPhoneSimulator.ActiveCfg = Release|iPhoneSimulator
		{27C5E7C1-38EC-485F-923D-549251747279}.Release|iPhoneSimulator.Build.0 = Release|iPhoneSimulator
		{27C5E7C1-38EC-485F-923D-549251747279}.Release|x64.ActiveCfg = Release|iPhone
		{27C5E7C1-38EC-485F-923D-549251747279}.Release|x86.ActiveCfg = Release|iPhone
		{CF7E9D81-D3C1-4BB7-B93D-B9F4E0605619}.Ad-Hoc|Any CPU.ActiveCfg = Release|Any CPU
		{CF7E9D81-D3C1-4BB7-B93D-B9F4E0605619}.Ad-Hoc|Any CPU.Build.0 = Release|Any CPU
		{CF7E9D81-D3C1-4BB7-B93D-B9F4E0605619}.Ad-Hoc|Any CPU.Deploy.0 = Release|Any CPU
		{CF7E9D81-D3C1-4BB7-B93D-B9F4E0605619}.Ad-Hoc|ARM.ActiveCfg = Release|ARM
		{CF7E9D81-D3C1-4BB7-B93D-B9F4E0605619}.Ad-Hoc|ARM.Build.0 = Release|ARM
		{CF7E9D81-D3C1-4BB7-B93D-B9F4E0605619}.Ad-Hoc|ARM.Deploy.0 = Release|ARM
		{CF7E9D81-D3C1-4BB7-B93D-B9F4E0605619}.Ad-Hoc|iPhone.ActiveCfg = Release|Any CPU
		{CF7E9D81-D3C1-4BB7-B93D-B9F4E0605619}.Ad-Hoc|iPhone.Build.0 = Release|Any CPU
		{CF7E9D81-D3C1-4BB7-B93D-B9F4E0605619}.Ad-Hoc|iPhone.Deploy.0 = Release|Any CPU
		{CF7E9D81-D3C1-4BB7-B93D-B9F4E0605619}.Ad-Hoc|iPhoneSimulator.ActiveCfg = Release|Any CPU
		{CF7E9D81-D3C1-4BB7-B93D-B9F4E0605619}.Ad-Hoc|iPhoneSimulator.Build.0 = Release|Any CPU
		{CF7E9D81-D3C1-4BB7-B93D-B9F4E0605619}.Ad-Hoc|iPhoneSimulator.Deploy.0 = Release|Any CPU
		{CF7E9D81-D3C1-4BB7-B93D-B9F4E0605619}.Ad-Hoc|x64.ActiveCfg = Release|Any CPU
		{CF7E9D81-D3C1-4BB7-B93D-B9F4E0605619}.Ad-Hoc|x64.Build.0 = Release|Any CPU
		{CF7E9D81-D3C1-4BB7-B93D-B9F4E0605619}.Ad-Hoc|x64.Deploy.0 = Release|Any CPU
		{CF7E9D81-D3C1-4BB7-B93D-B9F4E0605619}.Ad-Hoc|x86.ActiveCfg = Release|x86
		{CF7E9D81-D3C1-4BB7-B93D-B9F4E0605619}.Ad-Hoc|x86.Build.0 = Release|x86
		{CF7E9D81-D3C1-4BB7-B93D-B9F4E0605619}.Ad-Hoc|x86.Deploy.0 = Release|x86
		{CF7E9D81-D3C1-4BB7-B93D-B9F4E0605619}.AppStore|Any CPU.ActiveCfg = Release|Any CPU
		{CF7E9D81-D3C1-4BB7-B93D-B9F4E0605619}.AppStore|Any CPU.Build.0 = Release|Any CPU
		{CF7E9D81-D3C1-4BB7-B93D-B9F4E0605619}.AppStore|Any CPU.Deploy.0 = Release|Any CPU
		{CF7E9D81-D3C1-4BB7-B93D-B9F4E0605619}.AppStore|ARM.ActiveCfg = Release|ARM
		{CF7E9D81-D3C1-4BB7-B93D-B9F4E0605619}.AppStore|ARM.Build.0 = Release|ARM
		{CF7E9D81-D3C1-4BB7-B93D-B9F4E0605619}.AppStore|ARM.Deploy.0 = Release|ARM
		{CF7E9D81-D3C1-4BB7-B93D-B9F4E0605619}.AppStore|iPhone.ActiveCfg = Release|Any CPU
		{CF7E9D81-D3C1-4BB7-B93D-B9F4E0605619}.AppStore|iPhone.Build.0 = Release|Any CPU
		{CF7E9D81-D3C1-4BB7-B93D-B9F4E0605619}.AppStore|iPhone.Deploy.0 = Release|Any CPU
		{CF7E9D81-D3C1-4BB7-B93D-B9F4E0605619}.AppStore|iPhoneSimulator.ActiveCfg = Release|Any CPU
		{CF7E9D81-D3C1-4BB7-B93D-B9F4E0605619}.AppStore|iPhoneSimulator.Build.0 = Release|Any CPU
		{CF7E9D81-D3C1-4BB7-B93D-B9F4E0605619}.AppStore|iPhoneSimulator.Deploy.0 = Release|Any CPU
		{CF7E9D81-D3C1-4BB7-B93D-B9F4E0605619}.AppStore|x64.ActiveCfg = Release|Any CPU
		{CF7E9D81-D3C1-4BB7-B93D-B9F4E0605619}.AppStore|x64.Build.0 = Release|Any CPU
		{CF7E9D81-D3C1-4BB7-B93D-B9F4E0605619}.AppStore|x64.Deploy.0 = Release|Any CPU
		{CF7E9D81-D3C1-4BB7-B93D-B9F4E0605619}.AppStore|x86.ActiveCfg = Release|x86
		{CF7E9D81-D3C1-4BB7-B93D-B9F4E0605619}.AppStore|x86.Build.0 = Release|x86
		{CF7E9D81-D3C1-4BB7-B93D-B9F4E0605619}.AppStore|x86.Deploy.0 = Release|x86
		{CF7E9D81-D3C1-4BB7-B93D-B9F4E0605619}.Debug|Any CPU.ActiveCfg = Debug|Any CPU
		{CF7E9D81-D3C1-4BB7-B93D-B9F4E0605619}.Debug|Any CPU.Build.0 = Debug|Any CPU
		{CF7E9D81-D3C1-4BB7-B93D-B9F4E0605619}.Debug|Any CPU.Deploy.0 = Debug|Any CPU
		{CF7E9D81-D3C1-4BB7-B93D-B9F4E0605619}.Debug|ARM.ActiveCfg = Debug|ARM
		{CF7E9D81-D3C1-4BB7-B93D-B9F4E0605619}.Debug|ARM.Build.0 = Debug|ARM
		{CF7E9D81-D3C1-4BB7-B93D-B9F4E0605619}.Debug|ARM.Deploy.0 = Debug|ARM
		{CF7E9D81-D3C1-4BB7-B93D-B9F4E0605619}.Debug|iPhone.ActiveCfg = Debug|Any CPU
		{CF7E9D81-D3C1-4BB7-B93D-B9F4E0605619}.Debug|iPhone.Build.0 = Debug|Any CPU
		{CF7E9D81-D3C1-4BB7-B93D-B9F4E0605619}.Debug|iPhone.Deploy.0 = Debug|Any CPU
		{CF7E9D81-D3C1-4BB7-B93D-B9F4E0605619}.Debug|iPhoneSimulator.ActiveCfg = Debug|Any CPU
		{CF7E9D81-D3C1-4BB7-B93D-B9F4E0605619}.Debug|iPhoneSimulator.Build.0 = Debug|Any CPU
		{CF7E9D81-D3C1-4BB7-B93D-B9F4E0605619}.Debug|iPhoneSimulator.Deploy.0 = Debug|Any CPU
		{CF7E9D81-D3C1-4BB7-B93D-B9F4E0605619}.Debug|x64.ActiveCfg = Debug|Any CPU
		{CF7E9D81-D3C1-4BB7-B93D-B9F4E0605619}.Debug|x64.Build.0 = Debug|Any CPU
		{CF7E9D81-D3C1-4BB7-B93D-B9F4E0605619}.Debug|x64.Deploy.0 = Debug|Any CPU
		{CF7E9D81-D3C1-4BB7-B93D-B9F4E0605619}.Debug|x86.ActiveCfg = Debug|x86
		{CF7E9D81-D3C1-4BB7-B93D-B9F4E0605619}.Debug|x86.Build.0 = Debug|x86
		{CF7E9D81-D3C1-4BB7-B93D-B9F4E0605619}.Debug|x86.Deploy.0 = Debug|x86
		{CF7E9D81-D3C1-4BB7-B93D-B9F4E0605619}.Release|Any CPU.ActiveCfg = Release|Any CPU
		{CF7E9D81-D3C1-4BB7-B93D-B9F4E0605619}.Release|Any CPU.Build.0 = Release|Any CPU
		{CF7E9D81-D3C1-4BB7-B93D-B9F4E0605619}.Release|Any CPU.Deploy.0 = Release|Any CPU
		{CF7E9D81-D3C1-4BB7-B93D-B9F4E0605619}.Release|ARM.ActiveCfg = Release|ARM
		{CF7E9D81-D3C1-4BB7-B93D-B9F4E0605619}.Release|ARM.Build.0 = Release|ARM
		{CF7E9D81-D3C1-4BB7-B93D-B9F4E0605619}.Release|ARM.Deploy.0 = Release|ARM
		{CF7E9D81-D3C1-4BB7-B93D-B9F4E0605619}.Release|iPhone.ActiveCfg = Release|Any CPU
		{CF7E9D81-D3C1-4BB7-B93D-B9F4E0605619}.Release|iPhone.Build.0 = Release|Any CPU
		{CF7E9D81-D3C1-4BB7-B93D-B9F4E0605619}.Release|iPhone.Deploy.0 = Release|Any CPU
		{CF7E9D81-D3C1-4BB7-B93D-B9F4E0605619}.Release|iPhoneSimulator.ActiveCfg = Release|Any CPU
		{CF7E9D81-D3C1-4BB7-B93D-B9F4E0605619}.Release|iPhoneSimulator.Build.0 = Release|Any CPU
		{CF7E9D81-D3C1-4BB7-B93D-B9F4E0605619}.Release|iPhoneSimulator.Deploy.0 = Release|Any CPU
		{CF7E9D81-D3C1-4BB7-B93D-B9F4E0605619}.Release|x64.ActiveCfg = Release|Any CPU
		{CF7E9D81-D3C1-4BB7-B93D-B9F4E0605619}.Release|x64.Build.0 = Release|Any CPU
		{CF7E9D81-D3C1-4BB7-B93D-B9F4E0605619}.Release|x64.Deploy.0 = Release|Any CPU
		{CF7E9D81-D3C1-4BB7-B93D-B9F4E0605619}.Release|x86.ActiveCfg = Release|x86
		{CF7E9D81-D3C1-4BB7-B93D-B9F4E0605619}.Release|x86.Build.0 = Release|x86
		{CF7E9D81-D3C1-4BB7-B93D-B9F4E0605619}.Release|x86.Deploy.0 = Release|x86
	EndGlobalSection
	GlobalSection(SolutionProperties) = preSolution
		HideSolutionNode = FALSE
	EndGlobalSection
EndGlobal
